
Microsoft Visual Studio Solution File, Format Version 12.00
# Visual Studio Version 17
VisualStudioVersion = 17.7.34009.444
MinimumVisualStudioVersion = 10.0.40219.1
Project("{FAE04EC0-301F-11D3-BF4B-00C04F79EFBC}") = "WebApplication1Psight", "WebApplication1Psight\WebApplication1Psight.csproj", "{97B98268-DCEF-40C1-92C1-8069C78841AA}"
EndProject
Global
	GlobalSection(SolutionConfigurationPlatforms) = preSolution
		Debug|Any CPU = Debug|Any CPU
		Release|Any CPU = Release|Any CPU
	EndGlobalSection
	GlobalSection(ProjectConfigurationPlatforms) = postSolution
		{97B98268-DCEF-40C1-92C1-8069C78841AA}.Debug|Any CPU.ActiveCfg = Debug|Any CPU
		{97B98268-DCEF-40C1-92C1-8069C78841AA}.Debug|Any CPU.Build.0 = Debug|Any CPU
		{97B98268-DCEF-40C1-92C1-8069C78841AA}.Release|Any CPU.ActiveCfg = Release|Any CPU
		{97B98268-DCEF-40C1-92C1-8069C78841AA}.Release|Any CPU.Build.0 = Release|Any CPU
	EndGlobalSection
	GlobalSection(SolutionProperties) = preSolution
		HideSolutionNode = FALSE
	EndGlobalSection
	GlobalSection(ExtensibilityGlobals) = postSolution
		SolutionGuid = {EEB66CE2-3EC4-475E-929B-9B75DA3944C1}
	EndGlobalSection
EndGlobal
